{
  "name": "lsx-demo-theme",
  "lockfileVersion": 2,
  "requires": true,
  "packages": {
    "": {
      "name": "lsx-demo-theme",
      "version": "1.0.0",
      "license": "GPL-2.0-or-later",
      "devDependencies": {
        "@wordpress/scripts": "^27.0.0",
        "eslint": "^8.0.0",
        "stylelint": "^15.0.0",
        "playwright": "^1.39.0"
      }
    }
  }
}